
Microsoft Visual Studio Solution File, Format Version 12.00
# Visual Studio Version 17
VisualStudioVersion = 17.0.31903.59
MinimumVisualStudioVersion = 10.0.40219.1
Project("{2150E333-8FDC-42A3-9474-1A3956D46DE8}") = "shared", "shared", "{68639E59-D60C-4578-A2D6-3E43B21588F5}"
EndProject
Project("{2150E333-8FDC-42A3-9474-1A3956D46DE8}") = "contracts", "contracts", "{E635C098-ACF8-430A-8D80-2839200A72D6}"
EndProject
Project("{2150E333-8FDC-42A3-9474-1A3956D46DE8}") = "src", "src", "{057B28B4-AA0D-4B2A-BE95-D1D13AB89565}"
EndProject
Project("{FAE04EC0-301F-11D3-BF4B-00C04F79EFBC}") = "HookahPlatform.Contracts", "shared\contracts\src\HookahPlatform.Contracts\HookahPlatform.Contracts.csproj", "{21C0B958-4A24-4F7A-BBBC-099E0DAB11EC}"
EndProject
Project("{2150E333-8FDC-42A3-9474-1A3956D46DE8}") = "building-blocks", "building-blocks", "{32C09BC3-B95F-4ECA-92AC-AE00E98F54D4}"
EndProject
Project("{2150E333-8FDC-42A3-9474-1A3956D46DE8}") = "src", "src", "{32A6EB61-A64E-4A33-8FDC-D583D3B18FD3}"
EndProject
Project("{FAE04EC0-301F-11D3-BF4B-00C04F79EFBC}") = "HookahPlatform.BuildingBlocks", "shared\building-blocks\src\HookahPlatform.BuildingBlocks\HookahPlatform.BuildingBlocks.csproj", "{4CCD6B72-B16B-4DED-9256-FC4F275FF2CC}"
EndProject
Project("{2150E333-8FDC-42A3-9474-1A3956D46DE8}") = "services", "services", "{2C8AA348-76F4-457D-AD2B-5DFB369834B8}"
EndProject
Project("{2150E333-8FDC-42A3-9474-1A3956D46DE8}") = "api-gateway", "api-gateway", "{0823EF4B-F9AD-4ED5-935E-24502E188309}"
EndProject
Project("{2150E333-8FDC-42A3-9474-1A3956D46DE8}") = "src", "src", "{2D56CBEE-48EB-4345-B7C6-E1D76AAD6B69}"
EndProject
Project("{FAE04EC0-301F-11D3-BF4B-00C04F79EFBC}") = "HookahPlatform.ApiGateway", "services\api-gateway\src\HookahPlatform.ApiGateway\HookahPlatform.ApiGateway.csproj", "{649AC274-2BFC-4063-9FA1-8C3FF7A00860}"
EndProject
Project("{2150E333-8FDC-42A3-9474-1A3956D46DE8}") = "auth-service", "auth-service", "{8D6A6C7B-9E8D-43AE-AC88-77177FA3A4FE}"
EndProject
Project("{2150E333-8FDC-42A3-9474-1A3956D46DE8}") = "src", "src", "{365C9FE7-6957-4027-A6AA-4305A66C5B1A}"
EndProject
Project("{FAE04EC0-301F-11D3-BF4B-00C04F79EFBC}") = "HookahPlatform.AuthService", "services\auth-service\src\HookahPlatform.AuthService\HookahPlatform.AuthService.csproj", "{BD6F7D74-E598-4A0B-B6A3-88B70479DE45}"
EndProject
Project("{2150E333-8FDC-42A3-9474-1A3956D46DE8}") = "user-service", "user-service", "{43D34C58-4006-48D7-A351-187EBD9268C0}"
EndProject
Project("{2150E333-8FDC-42A3-9474-1A3956D46DE8}") = "src", "src", "{DF308237-8588-426E-8A48-BD7149215E78}"
EndProject
Project("{FAE04EC0-301F-11D3-BF4B-00C04F79EFBC}") = "HookahPlatform.UserService", "services\user-service\src\HookahPlatform.UserService\HookahPlatform.UserService.csproj", "{10B34A29-C4B9-40E6-B646-008099F69C34}"
EndProject
Project("{2150E333-8FDC-42A3-9474-1A3956D46DE8}") = "branch-service", "branch-service", "{8BAF834A-66A0-48E1-B2F5-CBAB57401F07}"
EndProject
Project("{2150E333-8FDC-42A3-9474-1A3956D46DE8}") = "src", "src", "{90EE904A-4F30-4C3B-9D5E-F5A268C680F8}"
EndProject
Project("{FAE04EC0-301F-11D3-BF4B-00C04F79EFBC}") = "HookahPlatform.BranchService", "services\branch-service\src\HookahPlatform.BranchService\HookahPlatform.BranchService.csproj", "{CC81C1A4-8EBD-4FC2-9DF2-399907ECF0BE}"
EndProject
Project("{2150E333-8FDC-42A3-9474-1A3956D46DE8}") = "mixology-service", "mixology-service", "{BB7E0687-CC72-4FF8-B8EF-9C1E84D169A5}"
EndProject
Project("{2150E333-8FDC-42A3-9474-1A3956D46DE8}") = "src", "src", "{F792069E-1F59-400C-A3DE-EF378491D107}"
EndProject
Project("{FAE04EC0-301F-11D3-BF4B-00C04F79EFBC}") = "HookahPlatform.MixologyService", "services\mixology-service\src\HookahPlatform.MixologyService\HookahPlatform.MixologyService.csproj", "{5B032B71-2F83-4161-A8D5-E98115934A64}"
EndProject
Project("{2150E333-8FDC-42A3-9474-1A3956D46DE8}") = "inventory-service", "inventory-service", "{C984DF19-F488-42BA-8222-BE8D9970C7B3}"
EndProject
Project("{2150E333-8FDC-42A3-9474-1A3956D46DE8}") = "src", "src", "{DA59C9D9-379F-486F-8338-D8AF25263445}"
EndProject
Project("{FAE04EC0-301F-11D3-BF4B-00C04F79EFBC}") = "HookahPlatform.InventoryService", "services\inventory-service\src\HookahPlatform.InventoryService\HookahPlatform.InventoryService.csproj", "{5E4291B8-50C7-4E5F-BDA2-1BB85E9E138B}"
EndProject
Project("{2150E333-8FDC-42A3-9474-1A3956D46DE8}") = "order-service", "order-service", "{8BE41B2C-0136-4C15-8E5A-EE598A3F101A}"
EndProject
Project("{2150E333-8FDC-42A3-9474-1A3956D46DE8}") = "src", "src", "{5C1C17B3-D83A-4FC7-B2EF-C7ECAAFA0C6E}"
EndProject
Project("{FAE04EC0-301F-11D3-BF4B-00C04F79EFBC}") = "HookahPlatform.OrderService", "services\order-service\src\HookahPlatform.OrderService\HookahPlatform.OrderService.csproj", "{F1D5310E-7C25-4794-80E4-486004C843DB}"
EndProject
Project("{2150E333-8FDC-42A3-9474-1A3956D46DE8}") = "booking-service", "booking-service", "{795C1C8A-38D3-4FAD-9FC3-5F0216727F75}"
EndProject
Project("{2150E333-8FDC-42A3-9474-1A3956D46DE8}") = "src", "src", "{D422A941-C33B-47C1-A85C-34D567D1C9E6}"
EndProject
Project("{FAE04EC0-301F-11D3-BF4B-00C04F79EFBC}") = "HookahPlatform.BookingService", "services\booking-service\src\HookahPlatform.BookingService\HookahPlatform.BookingService.csproj", "{9B7FF892-B635-474C-B1EA-398224B59E4B}"
EndProject
Project("{2150E333-8FDC-42A3-9474-1A3956D46DE8}") = "payment-service", "payment-service", "{C6C5C947-508C-4725-B8B9-B0E50444728B}"
EndProject
Project("{2150E333-8FDC-42A3-9474-1A3956D46DE8}") = "src", "src", "{3C013010-7FEB-48AD-80F0-51AEC6166F0A}"
EndProject
Project("{FAE04EC0-301F-11D3-BF4B-00C04F79EFBC}") = "HookahPlatform.PaymentService", "services\payment-service\src\HookahPlatform.PaymentService\HookahPlatform.PaymentService.csproj", "{BB468F9E-9393-42CF-9F06-A42A9D6819A2}"
EndProject
Project("{2150E333-8FDC-42A3-9474-1A3956D46DE8}") = "notification-service", "notification-service", "{F60C3AA4-9EDD-4CC5-A140-BF13BB246A16}"
EndProject
Project("{2150E333-8FDC-42A3-9474-1A3956D46DE8}") = "src", "src", "{471EC94E-2C5D-4ED4-8A30-4FE161E89C8A}"
EndProject
Project("{FAE04EC0-301F-11D3-BF4B-00C04F79EFBC}") = "HookahPlatform.NotificationService", "services\notification-service\src\HookahPlatform.NotificationService\HookahPlatform.NotificationService.csproj", "{8FEC1560-2729-43B1-B982-6A57D9470E74}"
EndProject
Project("{2150E333-8FDC-42A3-9474-1A3956D46DE8}") = "analytics-service", "analytics-service", "{68B1DAD8-75D1-4ADC-AD86-FE48C62AF0DA}"
EndProject
Project("{2150E333-8FDC-42A3-9474-1A3956D46DE8}") = "src", "src", "{CDF53B10-1F3B-419B-B169-AE7213F9F8B8}"
EndProject
Project("{FAE04EC0-301F-11D3-BF4B-00C04F79EFBC}") = "HookahPlatform.AnalyticsService", "services\analytics-service\src\HookahPlatform.AnalyticsService\HookahPlatform.AnalyticsService.csproj", "{6E6C5317-5DEE-46DD-9FCC-E175DDD4A303}"
EndProject
Project("{2150E333-8FDC-42A3-9474-1A3956D46DE8}") = "review-service", "review-service", "{470C106B-F22A-476B-90EE-ADA65DB74A39}"
EndProject
Project("{2150E333-8FDC-42A3-9474-1A3956D46DE8}") = "src", "src", "{332F2F2D-F347-42E1-A961-B3C8DAE94D71}"
EndProject
Project("{FAE04EC0-301F-11D3-BF4B-00C04F79EFBC}") = "HookahPlatform.ReviewService", "services\review-service\src\HookahPlatform.ReviewService\HookahPlatform.ReviewService.csproj", "{E09A9B77-D158-443F-9E93-DDEA332D8E78}"
EndProject
Project("{2150E333-8FDC-42A3-9474-1A3956D46DE8}") = "promo-service", "promo-service", "{4BA5A2C4-4BAA-4512-AFE7-3B6E03297707}"
EndProject
Project("{2150E333-8FDC-42A3-9474-1A3956D46DE8}") = "src", "src", "{862FCA85-E4F1-4047-9EE9-ACDDE417750B}"
EndProject
Project("{FAE04EC0-301F-11D3-BF4B-00C04F79EFBC}") = "HookahPlatform.PromoService", "services\promo-service\src\HookahPlatform.PromoService\HookahPlatform.PromoService.csproj", "{C5206153-BE2F-40C6-8302-E612291C7DD9}"
EndProject
Project("{2150E333-8FDC-42A3-9474-1A3956D46DE8}") = "infrastructure", "infrastructure", "{7013A8F7-6F1E-4116-B0D1-90F4CB5889C6}"
EndProject
Project("{2150E333-8FDC-42A3-9474-1A3956D46DE8}") = "migrations", "migrations", "{3F249CBC-8F96-4715-B09B-34F3D898A297}"
EndProject
Project("{2150E333-8FDC-42A3-9474-1A3956D46DE8}") = "src", "src", "{0A089C4B-829B-4F64-9AD1-D32D3F7FB2D0}"
EndProject
Project("{FAE04EC0-301F-11D3-BF4B-00C04F79EFBC}") = "HookahPlatform.Migrations", "infrastructure\migrations\src\HookahPlatform.Migrations\HookahPlatform.Migrations.csproj", "{1ED1454D-6E98-482C-A09E-3AEAB139C705}"
EndProject
Project("{2150E333-8FDC-42A3-9474-1A3956D46DE8}") = "tenant-service", "tenant-service", "{8D2A1D7A-EE22-45FC-B5EE-BF11293133AD}"
EndProject
Project("{2150E333-8FDC-42A3-9474-1A3956D46DE8}") = "src", "src", "{F0A032EC-EE60-43DA-B37B-E5FBE578CF16}"
EndProject
Project("{FAE04EC0-301F-11D3-BF4B-00C04F79EFBC}") = "HookahPlatform.TenantService", "services\tenant-service\src\HookahPlatform.TenantService\HookahPlatform.TenantService.csproj", "{0B5E1517-2549-40F2-A586-0AAD61AD5C19}"
EndProject
Global
	GlobalSection(SolutionConfigurationPlatforms) = preSolution
		Debug|Any CPU = Debug|Any CPU
		Release|Any CPU = Release|Any CPU
	EndGlobalSection
	GlobalSection(SolutionProperties) = preSolution
		HideSolutionNode = FALSE
	EndGlobalSection
	GlobalSection(ProjectConfigurationPlatforms) = postSolution
		{21C0B958-4A24-4F7A-BBBC-099E0DAB11EC}.Debug|Any CPU.ActiveCfg = Debug|Any CPU
		{21C0B958-4A24-4F7A-BBBC-099E0DAB11EC}.Debug|Any CPU.Build.0 = Debug|Any CPU
		{21C0B958-4A24-4F7A-BBBC-099E0DAB11EC}.Release|Any CPU.ActiveCfg = Release|Any CPU
		{21C0B958-4A24-4F7A-BBBC-099E0DAB11EC}.Release|Any CPU.Build.0 = Release|Any CPU
		{4CCD6B72-B16B-4DED-9256-FC4F275FF2CC}.Debug|Any CPU.ActiveCfg = Debug|Any CPU
		{4CCD6B72-B16B-4DED-9256-FC4F275FF2CC}.Debug|Any CPU.Build.0 = Debug|Any CPU
		{4CCD6B72-B16B-4DED-9256-FC4F275FF2CC}.Release|Any CPU.ActiveCfg = Release|Any CPU
		{4CCD6B72-B16B-4DED-9256-FC4F275FF2CC}.Release|Any CPU.Build.0 = Release|Any CPU
		{649AC274-2BFC-4063-9FA1-8C3FF7A00860}.Debug|Any CPU.ActiveCfg = Debug|Any CPU
		{649AC274-2BFC-4063-9FA1-8C3FF7A00860}.Debug|Any CPU.Build.0 = Debug|Any CPU
		{649AC274-2BFC-4063-9FA1-8C3FF7A00860}.Release|Any CPU.ActiveCfg = Release|Any CPU
		{649AC274-2BFC-4063-9FA1-8C3FF7A00860}.Release|Any CPU.Build.0 = Release|Any CPU
		{BD6F7D74-E598-4A0B-B6A3-88B70479DE45}.Debug|Any CPU.ActiveCfg = Debug|Any CPU
		{BD6F7D74-E598-4A0B-B6A3-88B70479DE45}.Debug|Any CPU.Build.0 = Debug|Any CPU
		{BD6F7D74-E598-4A0B-B6A3-88B70479DE45}.Release|Any CPU.ActiveCfg = Release|Any CPU
		{BD6F7D74-E598-4A0B-B6A3-88B70479DE45}.Release|Any CPU.Build.0 = Release|Any CPU
		{10B34A29-C4B9-40E6-B646-008099F69C34}.Debug|Any CPU.ActiveCfg = Debug|Any CPU
		{10B34A29-C4B9-40E6-B646-008099F69C34}.Debug|Any CPU.Build.0 = Debug|Any CPU
		{10B34A29-C4B9-40E6-B646-008099F69C34}.Release|Any CPU.ActiveCfg = Release|Any CPU
		{10B34A29-C4B9-40E6-B646-008099F69C34}.Release|Any CPU.Build.0 = Release|Any CPU
		{CC81C1A4-8EBD-4FC2-9DF2-399907ECF0BE}.Debug|Any CPU.ActiveCfg = Debug|Any CPU
		{CC81C1A4-8EBD-4FC2-9DF2-399907ECF0BE}.Debug|Any CPU.Build.0 = Debug|Any CPU
		{CC81C1A4-8EBD-4FC2-9DF2-399907ECF0BE}.Release|Any CPU.ActiveCfg = Release|Any CPU
		{CC81C1A4-8EBD-4FC2-9DF2-399907ECF0BE}.Release|Any CPU.Build.0 = Release|Any CPU
		{5B032B71-2F83-4161-A8D5-E98115934A64}.Debug|Any CPU.ActiveCfg = Debug|Any CPU
		{5B032B71-2F83-4161-A8D5-E98115934A64}.Debug|Any CPU.Build.0 = Debug|Any CPU
		{5B032B71-2F83-4161-A8D5-E98115934A64}.Release|Any CPU.ActiveCfg = Release|Any CPU
		{5B032B71-2F83-4161-A8D5-E98115934A64}.Release|Any CPU.Build.0 = Release|Any CPU
		{5E4291B8-50C7-4E5F-BDA2-1BB85E9E138B}.Debug|Any CPU.ActiveCfg = Debug|Any CPU
		{5E4291B8-50C7-4E5F-BDA2-1BB85E9E138B}.Debug|Any CPU.Build.0 = Debug|Any CPU
		{5E4291B8-50C7-4E5F-BDA2-1BB85E9E138B}.Release|Any CPU.ActiveCfg = Release|Any CPU
		{5E4291B8-50C7-4E5F-BDA2-1BB85E9E138B}.Release|Any CPU.Build.0 = Release|Any CPU
		{F1D5310E-7C25-4794-80E4-486004C843DB}.Debug|Any CPU.ActiveCfg = Debug|Any CPU
		{F1D5310E-7C25-4794-80E4-486004C843DB}.Debug|Any CPU.Build.0 = Debug|Any CPU
		{F1D5310E-7C25-4794-80E4-486004C843DB}.Release|Any CPU.ActiveCfg = Release|Any CPU
		{F1D5310E-7C25-4794-80E4-486004C843DB}.Release|Any CPU.Build.0 = Release|Any CPU
		{9B7FF892-B635-474C-B1EA-398224B59E4B}.Debug|Any CPU.ActiveCfg = Debug|Any CPU
		{9B7FF892-B635-474C-B1EA-398224B59E4B}.Debug|Any CPU.Build.0 = Debug|Any CPU
		{9B7FF892-B635-474C-B1EA-398224B59E4B}.Release|Any CPU.ActiveCfg = Release|Any CPU
		{9B7FF892-B635-474C-B1EA-398224B59E4B}.Release|Any CPU.Build.0 = Release|Any CPU
		{BB468F9E-9393-42CF-9F06-A42A9D6819A2}.Debug|Any CPU.ActiveCfg = Debug|Any CPU
		{BB468F9E-9393-42CF-9F06-A42A9D6819A2}.Debug|Any CPU.Build.0 = Debug|Any CPU
		{BB468F9E-9393-42CF-9F06-A42A9D6819A2}.Release|Any CPU.ActiveCfg = Release|Any CPU
		{BB468F9E-9393-42CF-9F06-A42A9D6819A2}.Release|Any CPU.Build.0 = Release|Any CPU
		{8FEC1560-2729-43B1-B982-6A57D9470E74}.Debug|Any CPU.ActiveCfg = Debug|Any CPU
		{8FEC1560-2729-43B1-B982-6A57D9470E74}.Debug|Any CPU.Build.0 = Debug|Any CPU
		{8FEC1560-2729-43B1-B982-6A57D9470E74}.Release|Any CPU.ActiveCfg = Release|Any CPU
		{8FEC1560-2729-43B1-B982-6A57D9470E74}.Release|Any CPU.Build.0 = Release|Any CPU
		{6E6C5317-5DEE-46DD-9FCC-E175DDD4A303}.Debug|Any CPU.ActiveCfg = Debug|Any CPU
		{6E6C5317-5DEE-46DD-9FCC-E175DDD4A303}.Debug|Any CPU.Build.0 = Debug|Any CPU
		{6E6C5317-5DEE-46DD-9FCC-E175DDD4A303}.Release|Any CPU.ActiveCfg = Release|Any CPU
		{6E6C5317-5DEE-46DD-9FCC-E175DDD4A303}.Release|Any CPU.Build.0 = Release|Any CPU
		{E09A9B77-D158-443F-9E93-DDEA332D8E78}.Debug|Any CPU.ActiveCfg = Debug|Any CPU
		{E09A9B77-D158-443F-9E93-DDEA332D8E78}.Debug|Any CPU.Build.0 = Debug|Any CPU
		{E09A9B77-D158-443F-9E93-DDEA332D8E78}.Release|Any CPU.ActiveCfg = Release|Any CPU
		{E09A9B77-D158-443F-9E93-DDEA332D8E78}.Release|Any CPU.Build.0 = Release|Any CPU
		{C5206153-BE2F-40C6-8302-E612291C7DD9}.Debug|Any CPU.ActiveCfg = Debug|Any CPU
		{C5206153-BE2F-40C6-8302-E612291C7DD9}.Debug|Any CPU.Build.0 = Debug|Any CPU
		{C5206153-BE2F-40C6-8302-E612291C7DD9}.Release|Any CPU.ActiveCfg = Release|Any CPU
		{C5206153-BE2F-40C6-8302-E612291C7DD9}.Release|Any CPU.Build.0 = Release|Any CPU
		{1ED1454D-6E98-482C-A09E-3AEAB139C705}.Debug|Any CPU.ActiveCfg = Debug|Any CPU
		{1ED1454D-6E98-482C-A09E-3AEAB139C705}.Debug|Any CPU.Build.0 = Debug|Any CPU
		{1ED1454D-6E98-482C-A09E-3AEAB139C705}.Release|Any CPU.ActiveCfg = Release|Any CPU
		{1ED1454D-6E98-482C-A09E-3AEAB139C705}.Release|Any CPU.Build.0 = Release|Any CPU
		{0B5E1517-2549-40F2-A586-0AAD61AD5C19}.Debug|Any CPU.ActiveCfg = Debug|Any CPU
		{0B5E1517-2549-40F2-A586-0AAD61AD5C19}.Debug|Any CPU.Build.0 = Debug|Any CPU
		{0B5E1517-2549-40F2-A586-0AAD61AD5C19}.Release|Any CPU.ActiveCfg = Release|Any CPU
		{0B5E1517-2549-40F2-A586-0AAD61AD5C19}.Release|Any CPU.Build.0 = Release|Any CPU
	EndGlobalSection
	GlobalSection(NestedProjects) = preSolution
		{E635C098-ACF8-430A-8D80-2839200A72D6} = {68639E59-D60C-4578-A2D6-3E43B21588F5}
		{057B28B4-AA0D-4B2A-BE95-D1D13AB89565} = {E635C098-ACF8-430A-8D80-2839200A72D6}
		{21C0B958-4A24-4F7A-BBBC-099E0DAB11EC} = {057B28B4-AA0D-4B2A-BE95-D1D13AB89565}
		{32C09BC3-B95F-4ECA-92AC-AE00E98F54D4} = {68639E59-D60C-4578-A2D6-3E43B21588F5}
		{32A6EB61-A64E-4A33-8FDC-D583D3B18FD3} = {32C09BC3-B95F-4ECA-92AC-AE00E98F54D4}
		{4CCD6B72-B16B-4DED-9256-FC4F275FF2CC} = {32A6EB61-A64E-4A33-8FDC-D583D3B18FD3}
		{0823EF4B-F9AD-4ED5-935E-24502E188309} = {2C8AA348-76F4-457D-AD2B-5DFB369834B8}
		{2D56CBEE-48EB-4345-B7C6-E1D76AAD6B69} = {0823EF4B-F9AD-4ED5-935E-24502E188309}
		{649AC274-2BFC-4063-9FA1-8C3FF7A00860} = {2D56CBEE-48EB-4345-B7C6-E1D76AAD6B69}
		{8D6A6C7B-9E8D-43AE-AC88-77177FA3A4FE} = {2C8AA348-76F4-457D-AD2B-5DFB369834B8}
		{365C9FE7-6957-4027-A6AA-4305A66C5B1A} = {8D6A6C7B-9E8D-43AE-AC88-77177FA3A4FE}
		{BD6F7D74-E598-4A0B-B6A3-88B70479DE45} = {365C9FE7-6957-4027-A6AA-4305A66C5B1A}
		{43D34C58-4006-48D7-A351-187EBD9268C0} = {2C8AA348-76F4-457D-AD2B-5DFB369834B8}
		{DF308237-8588-426E-8A48-BD7149215E78} = {43D34C58-4006-48D7-A351-187EBD9268C0}
		{10B34A29-C4B9-40E6-B646-008099F69C34} = {DF308237-8588-426E-8A48-BD7149215E78}
		{8BAF834A-66A0-48E1-B2F5-CBAB57401F07} = {2C8AA348-76F4-457D-AD2B-5DFB369834B8}
		{90EE904A-4F30-4C3B-9D5E-F5A268C680F8} = {8BAF834A-66A0-48E1-B2F5-CBAB57401F07}
		{CC81C1A4-8EBD-4FC2-9DF2-399907ECF0BE} = {90EE904A-4F30-4C3B-9D5E-F5A268C680F8}
		{BB7E0687-CC72-4FF8-B8EF-9C1E84D169A5} = {2C8AA348-76F4-457D-AD2B-5DFB369834B8}
		{F792069E-1F59-400C-A3DE-EF378491D107} = {BB7E0687-CC72-4FF8-B8EF-9C1E84D169A5}
		{5B032B71-2F83-4161-A8D5-E98115934A64} = {F792069E-1F59-400C-A3DE-EF378491D107}
		{C984DF19-F488-42BA-8222-BE8D9970C7B3} = {2C8AA348-76F4-457D-AD2B-5DFB369834B8}
		{DA59C9D9-379F-486F-8338-D8AF25263445} = {C984DF19-F488-42BA-8222-BE8D9970C7B3}
		{5E4291B8-50C7-4E5F-BDA2-1BB85E9E138B} = {DA59C9D9-379F-486F-8338-D8AF25263445}
		{8BE41B2C-0136-4C15-8E5A-EE598A3F101A} = {2C8AA348-76F4-457D-AD2B-5DFB369834B8}
		{5C1C17B3-D83A-4FC7-B2EF-C7ECAAFA0C6E} = {8BE41B2C-0136-4C15-8E5A-EE598A3F101A}
		{F1D5310E-7C25-4794-80E4-486004C843DB} = {5C1C17B3-D83A-4FC7-B2EF-C7ECAAFA0C6E}
		{795C1C8A-38D3-4FAD-9FC3-5F0216727F75} = {2C8AA348-76F4-457D-AD2B-5DFB369834B8}
		{D422A941-C33B-47C1-A85C-34D567D1C9E6} = {795C1C8A-38D3-4FAD-9FC3-5F0216727F75}
		{9B7FF892-B635-474C-B1EA-398224B59E4B} = {D422A941-C33B-47C1-A85C-34D567D1C9E6}
		{C6C5C947-508C-4725-B8B9-B0E50444728B} = {2C8AA348-76F4-457D-AD2B-5DFB369834B8}
		{3C013010-7FEB-48AD-80F0-51AEC6166F0A} = {C6C5C947-508C-4725-B8B9-B0E50444728B}
		{BB468F9E-9393-42CF-9F06-A42A9D6819A2} = {3C013010-7FEB-48AD-80F0-51AEC6166F0A}
		{F60C3AA4-9EDD-4CC5-A140-BF13BB246A16} = {2C8AA348-76F4-457D-AD2B-5DFB369834B8}
		{471EC94E-2C5D-4ED4-8A30-4FE161E89C8A} = {F60C3AA4-9EDD-4CC5-A140-BF13BB246A16}
		{8FEC1560-2729-43B1-B982-6A57D9470E74} = {471EC94E-2C5D-4ED4-8A30-4FE161E89C8A}
		{68B1DAD8-75D1-4ADC-AD86-FE48C62AF0DA} = {2C8AA348-76F4-457D-AD2B-5DFB369834B8}
		{CDF53B10-1F3B-419B-B169-AE7213F9F8B8} = {68B1DAD8-75D1-4ADC-AD86-FE48C62AF0DA}
		{6E6C5317-5DEE-46DD-9FCC-E175DDD4A303} = {CDF53B10-1F3B-419B-B169-AE7213F9F8B8}
		{470C106B-F22A-476B-90EE-ADA65DB74A39} = {2C8AA348-76F4-457D-AD2B-5DFB369834B8}
		{332F2F2D-F347-42E1-A961-B3C8DAE94D71} = {470C106B-F22A-476B-90EE-ADA65DB74A39}
		{E09A9B77-D158-443F-9E93-DDEA332D8E78} = {332F2F2D-F347-42E1-A961-B3C8DAE94D71}
		{4BA5A2C4-4BAA-4512-AFE7-3B6E03297707} = {2C8AA348-76F4-457D-AD2B-5DFB369834B8}
		{862FCA85-E4F1-4047-9EE9-ACDDE417750B} = {4BA5A2C4-4BAA-4512-AFE7-3B6E03297707}
		{C5206153-BE2F-40C6-8302-E612291C7DD9} = {862FCA85-E4F1-4047-9EE9-ACDDE417750B}
		{3F249CBC-8F96-4715-B09B-34F3D898A297} = {7013A8F7-6F1E-4116-B0D1-90F4CB5889C6}
		{0A089C4B-829B-4F64-9AD1-D32D3F7FB2D0} = {3F249CBC-8F96-4715-B09B-34F3D898A297}
		{1ED1454D-6E98-482C-A09E-3AEAB139C705} = {0A089C4B-829B-4F64-9AD1-D32D3F7FB2D0}
		{8D2A1D7A-EE22-45FC-B5EE-BF11293133AD} = {2C8AA348-76F4-457D-AD2B-5DFB369834B8}
		{F0A032EC-EE60-43DA-B37B-E5FBE578CF16} = {8D2A1D7A-EE22-45FC-B5EE-BF11293133AD}
		{0B5E1517-2549-40F2-A586-0AAD61AD5C19} = {F0A032EC-EE60-43DA-B37B-E5FBE578CF16}
	EndGlobalSection
EndGlobal
